{
  "name": "sentinel-company-brain",
  "version": "1.0.0",
  "lockfileVersion": 3,
  "requires": true,
  "packages": {
    "": {
      "name": "sentinel-company-brain",
      "version": "1.0.0",
      "dependencies": {
        "@hyperspell/hyperspell": "^0.38.0"
      },
      "engines": {
        "node": ">=18"
      }
    },
    "node_modules/@hyperspell/hyperspell": {
      "version": "0.38.0",
      "resolved": "https://registry.npmjs.org/@hyperspell/hyperspell/-/hyperspell-0.38.0.tgz",
      "integrity": "sha512-adWrN8bSIEVwyHAzbT5/wp026aRVEB/Nwv80+qhMjwC7ENRxV2UU7gFtLjWNcilNZVG6wQ+kYgq4pu03L+PvaQ==",
      "license": "MIT",
      "bin": {
        "hyperspell-hyperspell": "bin/cli"
      }
    }
  }
}
